
Microsoft Visual Studio Solution File, Format Version 12.00
# Visual Studio 15
VisualStudioVersion = 15.0.27428.2005
MinimumVisualStudioVersion = 10.0.40219.1
Project("{FAE04EC0-301F-11D3-BF4B-00C04F79EFBC}") = "WebRole", "WebRole\WebRole.csproj", "{BF1B6B5A-A681-4694-A2AF-BAA250CA9A2D}"
EndProject
Project("{FAE04EC0-301F-11D3-BF4B-00C04F79EFBC}") = "WorkerRole", "WorkerRole\WorkerRole.csproj", "{C0131807-B019-46B9-B9A1-6952C98E7641}"
EndProject
Global
	GlobalSection(SolutionConfigurationPlatforms) = preSolution
		Debug|Any CPU = Debug|Any CPU
		Release|Any CPU = Release|Any CPU
	EndGlobalSection
	GlobalSection(ProjectConfigurationPlatforms) = postSolution
		{BF1B6B5A-A681-4694-A2AF-BAA250CA9A2D}.Debug|Any CPU.ActiveCfg = Debug|Any CPU
		{BF1B6B5A-A681-4694-A2AF-BAA250CA9A2D}.Debug|Any CPU.Build.0 = Debug|Any CPU
		{BF1B6B5A-A681-4694-A2AF-BAA250CA9A2D}.Release|Any CPU.ActiveCfg = Release|Any CPU
		{BF1B6B5A-A681-4694-A2AF-BAA250CA9A2D}.Release|Any CPU.Build.0 = Release|Any CPU
		{C0131807-B019-46B9-B9A1-6952C98E7641}.Debug|Any CPU.ActiveCfg = Debug|Any CPU
		{C0131807-B019-46B9-B9A1-6952C98E7641}.Debug|Any CPU.Build.0 = Debug|Any CPU
		{C0131807-B019-46B9-B9A1-6952C98E7641}.Release|Any CPU.ActiveCfg = Release|Any CPU
		{C0131807-B019-46B9-B9A1-6952C98E7641}.Release|Any CPU.Build.0 = Release|Any CPU
	EndGlobalSection
	GlobalSection(SolutionProperties) = preSolution
		HideSolutionNode = FALSE
	EndGlobalSection
	GlobalSection(ExtensibilityGlobals) = postSolution
		SolutionGuid = {08E8DFB9-E0FF-4BCA-916F-38B3D5A36E7D}
	EndGlobalSection
EndGlobal
